
Microsoft Visual Studio Solution File, Format Version 12.00
# Visual Studio Version 17
VisualStudioVersion = 17.0.32112.339
MinimumVisualStudioVersion = 10.0.40219.1
Project("{FAE04EC0-301F-11D3-BF4B-00C04F79EFBC}") = "PriceCounter", "PriceCounter.csproj", "{A5AD813E-158A-460B-9873-2D50BCEED2B8}"
EndProject
Global
	GlobalSection(SolutionConfigurationPlatforms) = preSolution
		Debug|Any CPU = Debug|Any CPU
		Release|Any CPU = Release|Any CPU
	EndGlobalSection
	GlobalSection(ProjectConfigurationPlatforms) = postSolution
		{A5AD813E-158A-460B-9873-2D50BCEED2B8}.Debug|Any CPU.ActiveCfg = Debug|Any CPU
		{A5AD813E-158A-460B-9873-2D50BCEED2B8}.Debug|Any CPU.Build.0 = Debug|Any CPU
		{A5AD813E-158A-460B-9873-2D50BCEED2B8}.Release|Any CPU.ActiveCfg = Release|Any CPU
		{A5AD813E-158A-460B-9873-2D50BCEED2B8}.Release|Any CPU.Build.0 = Release|Any CPU
	EndGlobalSection
	GlobalSection(SolutionProperties) = preSolution
		HideSolutionNode = FALSE
	EndGlobalSection
	GlobalSection(ExtensibilityGlobals) = postSolution
		SolutionGuid = {B49E40E4-B2D2-49AA-A756-768A91C8AEEA}
	EndGlobalSection
EndGlobal
